
Microsoft Visual Studio Solution File, Format Version 12.00
# Visual Studio Version 17
VisualStudioVersion = 17.9.34728.123
MinimumVisualStudioVersion = 10.0.40219.1
Project("{FAE04EC0-301F-11D3-BF4B-00C04F79EFBC}") = "CashierApplication", "CashierApplication\CashierApplication.csproj", "{F3C6EF44-4981-4D8A-AA41-7B3EF4364A74}"
EndProject
Global
	GlobalSection(SolutionConfigurationPlatforms) = preSolution
		Debug|Any CPU = Debug|Any CPU
		Release|Any CPU = Release|Any CPU
	EndGlobalSection
	GlobalSection(ProjectConfigurationPlatforms) = postSolution
		{F3C6EF44-4981-4D8A-AA41-7B3EF4364A74}.Debug|Any CPU.ActiveCfg = Debug|Any CPU
		{F3C6EF44-4981-4D8A-AA41-7B3EF4364A74}.Debug|Any CPU.Build.0 = Debug|Any CPU
		{F3C6EF44-4981-4D8A-AA41-7B3EF4364A74}.Release|Any CPU.ActiveCfg = Release|Any CPU
		{F3C6EF44-4981-4D8A-AA41-7B3EF4364A74}.Release|Any CPU.Build.0 = Release|Any CPU
	EndGlobalSection
	GlobalSection(SolutionProperties) = preSolution
		HideSolutionNode = FALSE
	EndGlobalSection
	GlobalSection(ExtensibilityGlobals) = postSolution
		SolutionGuid = {CEBBF00D-C53A-445B-8FED-C91B1D29A90D}
	EndGlobalSection
EndGlobal
